// !$*UTF8*$!
{
	archiveVersion = 1;
	classes = {
	};
	objectVersion = 50;
	objects = {

/* Begin PBXBuildFile section */
		9C9A3C302533A3DA007D688F /* OutTodayApp.swift in Sources */ = {isa = PBXBuildFile; fileRef = 9C9A3C2F2533A3D9007D688F /* OutTodayApp.swift */; };
		9C9A3C322533A3DA007D688F /* ContentView.swift in Sources */ = {isa = PBXBuildFile; fileRef = 9C9A3C312533A3DA007D688F /* ContentView.swift */; };
		9C9A3C342533A3DC007D688F /* Assets.xcassets in Resources */ = {isa = PBXBuildFile; fileRef = 9C9A3C332533A3DC007D688F /* Assets.xcassets */; };
		9C9A3C372533A3DC007D688F /* Preview Assets.xcassets in Resources */ = {isa = PBXBuildFile; fileRef = 9C9A3C362533A3DC007D688F /* Preview Assets.xcassets */; };
		9C9A3C432533A777007D688F /* ReleaseDetails.swift in Sources */ = {isa = PBXBuildFile; fileRef = 9C9A3C422533A777007D688F /* ReleaseDetails.swift */; };
		9C9A3C472533AB07007D688F /* ReleaseProvider.swift in Sources */ = {isa = PBXBuildFile; fileRef = 9C9A3C462533AB07007D688F /* ReleaseProvider.swift */; };
		9C9A3C4B2533BA74007D688F /* Releases.swift in Sources */ = {isa = PBXBuildFile; fileRef = 9C9A3C4A2533BA74007D688F /* Releases.swift */; };
/* End PBXBuildFile section */

/* Begin PBXFileReference section */
		9C9A3C2C2533A3D9007D688F /* OutToday.app */ = {isa = PBXFileReference; explicitFileType = wrapper.application; includeInIndex = 0; path = OutToday.app; sourceTree = BUILT_PRODUCTS_DIR; };
		9C9A3C2F2533A3D9007D688F /* OutTodayApp.swift */ = {isa = PBXFileReference; lastKnownFileType = sourcecode.swift; path = OutTodayApp.swift; sourceTree = "<group>"; };
		9C9A3C312533A3DA007D688F /* ContentView.swift */ = {isa = PBXFileReference; lastKnownFileType = sourcecode.swift; path = ContentView.swift; sourceTree = "<group>"; };
		9C9A3C332533A3DC007D688F /* Assets.xcassets */ = {isa = PBXFileReference; lastKnownFileType = folder.assetcatalog; path = Assets.xcassets; sourceTree = "<group>"; };
		9C9A3C362533A3DC007D688F /* Preview Assets.xcassets */ = {isa = PBXFileReference; lastKnownFileType = folder.assetcatalog; path = "Preview Assets.xcassets"; sourceTree = "<group>"; };
		9C9A3C382533A3DC007D688F /* Info.plist */ = {isa = PBXFileReference; lastKnownFileType = text.plist.xml; path = Info.plist; sourceTree = "<group>"; };
		9C9A3C422533A777007D688F /* ReleaseDetails.swift */ = {isa = PBXFileReference; lastKnownFileType = sourcecode.swift; path = ReleaseDetails.swift; sourceTree = "<group>"; };
		9C9A3C462533AB07007D688F /* ReleaseProvider.swift */ = {isa = PBXFileReference; lastKnownFileType = sourcecode.swift; path = ReleaseProvider.swift; sourceTree = "<group>"; };
		9C9A3C4A2533BA74007D688F /* Releases.swift */ = {isa = PBXFileReference; lastKnownFileType = sourcecode.swift; path = Releases.swift; sourceTree = "<group>"; };
/* End PBXFileReference section */

/* Begin PBXFrameworksBuildPhase section */
		9C9A3C292533A3D9007D688F /* Frameworks */ = {
			isa = PBXFrameworksBuildPhase;
			buildActionMask = 2147483647;
			files = (
			);
			runOnlyForDeploymentPostprocessing = 0;
		};
/* End PBXFrameworksBuildPhase section */

/* Begin PBXGroup section */
		9C9A3C232533A3D9007D688F = {
			isa = PBXGroup;
			children = (
				9C9A3C2E2533A3D9007D688F /* OutToday */,
				9C9A3C2D2533A3D9007D688F /* Products */,
			);
			sourceTree = "<group>";
		};
		9C9A3C2D2533A3D9007D688F /* Products */ = {
			isa = PBXGroup;
			children = (
				9C9A3C2C2533A3D9007D688F /* OutToday.app */,
			);
			name = Products;
			sourceTree = "<group>";
		};
		9C9A3C2E2533A3D9007D688F /* OutToday */ = {
			isa = PBXGroup;
			children = (
				9C9A3C452533AAF2007D688F /* Data */,
				9C9A3C412533A72A007D688F /* Model */,
				9C9A3C2F2533A3D9007D688F /* OutTodayApp.swift */,
				9C9A3C312533A3DA007D688F /* ContentView.swift */,
				9C9A3C332533A3DC007D688F /* Assets.xcassets */,
				9C9A3C382533A3DC007D688F /* Info.plist */,
				9C9A3C352533A3DC007D688F /* Preview Content */,
			);
			path = OutToday;
			sourceTree = "<group>";
		};
		9C9A3C352533A3DC007D688F /* Preview Content */ = {
			isa = PBXGroup;
			children = (
				9C9A3C362533A3DC007D688F /* Preview Assets.xcassets */,
			);
			path = "Preview Content";
			sourceTree = "<group>";
		};
		9C9A3C412533A72A007D688F /* Model */ = {
			isa = PBXGroup;
			children = (
				9C9A3C422533A777007D688F /* ReleaseDetails.swift */,
			);
			path = Model;
			sourceTree = "<group>";
		};
		9C9A3C452533AAF2007D688F /* Data */ = {
			isa = PBXGroup;
			children = (
				9C9A3C462533AB07007D688F /* ReleaseProvider.swift */,
				9C9A3C4A2533BA74007D688F /* Releases.swift */,
			);
			path = Data;
			sourceTree = "<group>";
		};
/* End PBXGroup section */

/* Begin PBXNativeTarget section */
		9C9A3C2B2533A3D9007D688F /* OutToday */ = {
			isa = PBXNativeTarget;
			buildConfigurationList = 9C9A3C3B2533A3DC007D688F /* Build configuration list for PBXNativeTarget "OutToday" */;
			buildPhases = (
				9C9A3C282533A3D9007D688F /* Sources */,
				9C9A3C292533A3D9007D688F /* Frameworks */,
				9C9A3C2A2533A3D9007D688F /* Resources */,
			);
			buildRules = (
			);
			dependencies = (
			);
			name = OutToday;
			productName = OutToday;
			productReference = 9C9A3C2C2533A3D9007D688F /* OutToday.app */;
			productType = "com.apple.product-type.application";
		};
/* End PBXNativeTarget section */

/* Begin PBXProject section */
		9C9A3C242533A3D9007D688F /* Project object */ = {
			isa = PBXProject;
			attributes = {
				LastSwiftUpdateCheck = 1200;
				LastUpgradeCheck = 1200;
				TargetAttributes = {
					9C9A3C2B2533A3D9007D688F = {
						CreatedOnToolsVersion = 12.0.1;
					};
				};
			};
			buildConfigurationList = 9C9A3C272533A3D9007D688F /* Build configuration list for PBXProject "OutToday" */;
			compatibilityVersion = "Xcode 9.3";
			developmentRegion = en;
			hasScannedForEncodings = 0;
			knownRegions = (
				en,
				Base,
			);
			mainGroup = 9C9A3C232533A3D9007D688F;
			productRefGroup = 9C9A3C2D2533A3D9007D688F /* Products */;
			projectDirPath = "";
			projectRoot = "";
			targets = (
				9C9A3C2B2533A3D9007D688F /* OutToday */,
			);
		};
/* End PBXProject section */

/* Begin PBXResourcesBuildPhase section */
		9C9A3C2A2533A3D9007D688F /* Resources */ = {
			isa = PBXResourcesBuildPhase;
			buildActionMask = 2147483647;
			files = (
				9C9A3C372533A3DC007D688F /* Preview Assets.xcassets in Resources */,
				9C9A3C342533A3DC007D688F /* Assets.xcassets in Resources */,
			);
			runOnlyForDeploymentPostprocessing = 0;
		};
/* End PBXResourcesBuildPhase section */

/* Begin PBXSourcesBuildPhase section */
		9C9A3C282533A3D9007D688F /* Sources */ = {
			isa = PBXSourcesBuildPhase;
			buildActionMask = 2147483647;
			files = (
				9C9A3C4B2533BA74007D688F /* Releases.swift in Sources */,
				9C9A3C472533AB07007D688F /* ReleaseProvider.swift in Sources */,
				9C9A3C322533A3DA007D688F /* ContentView.swift in Sources */,
				9C9A3C432533A777007D688F /* ReleaseDetails.swift in Sources */,
				9C9A3C302533A3DA007D688F /* OutTodayApp.swift in Sources */,
			);
			runOnlyForDeploymentPostprocessing = 0;
		};
/* End PBXSourcesBuildPhase section */

/* Begin XCBuildConfiguration section */
		9C9A3C392533A3DC007D688F /* Debug */ = {
			isa = XCBuildConfiguration;
			buildSettings = {
				ALWAYS_SEARCH_USER_PATHS = NO;
				CLANG_ANALYZER_NONNULL = YES;
				CLANG_ANALYZER_NUMBER_OBJECT_CONVERSION = YES_AGGRESSIVE;
				CLANG_CXX_LANGUAGE_STANDARD = "gnu++14";
				CLANG_CXX_LIBRARY = "libc++";
				CLANG_ENABLE_MODULES = YES;
				CLANG_ENABLE_OBJC_ARC = YES;
				CLANG_ENABLE_OBJC_WEAK = YES;
				CLANG_WARN_BLOCK_CAPTURE_AUTORELEASING = YES;
				CLANG_WARN_BOOL_CONVERSION = YES;
				CLANG_WARN_COMMA = YES;
				CLANG_WARN_CONSTANT_CONVERSION = YES;
				CLANG_WARN_DEPRECATED_OBJC_IMPLEMENTATIONS = YES;
				CLANG_WARN_DIRECT_OBJC_ISA_USAGE = YES_ERROR;
				CLANG_WARN_DOCUMENTATION_COMMENTS = YES;
				CLANG_WARN_EMPTY_BODY = YES;
				CLANG_WARN_ENUM_CONVERSION = YES;
				CLANG_WARN_INFINITE_RECURSION = YES;
				CLANG_WARN_INT_CONVERSION = YES;
				CLANG_WARN_NON_LITERAL_NULL_CONVERSION = YES;
				CLANG_WARN_OBJC_IMPLICIT_RETAIN_SELF = YES;
				CLANG_WARN_OBJC_LITERAL_CONVERSION = YES;
				CLANG_WARN_OBJC_ROOT_CLASS = YES_ERROR;
				CLANG_WARN_QUOTED_INCLUDE_IN_FRAMEWORK_HEADER = YES;
				CLANG_WARN_RANGE_LOOP_ANALYSIS = YES;
				CLANG_WARN_STRICT_PROTOTYPES = YES;
				CLANG_WARN_SUSPICIOUS_MOVE = YES;
				CLANG_WARN_UNGUARDED_AVAILABILITY = YES_AGGRESSIVE;
				CLANG_WARN_UNREACHABLE_CODE = YES;
				CLANG_WARN__DUPLICATE_METHOD_MATCH = YES;
				COPY_PHASE_STRIP = NO;
				DEBUG_INFORMATION_FORMAT = dwarf;
				ENABLE_STRICT_OBJC_MSGSEND = YES;
				ENABLE_TESTABILITY = YES;
				GCC_C_LANGUAGE_STANDARD = gnu11;
				GCC_DYNAMIC_NO_PIC = NO;
				GCC_NO_COMMON_BLOCKS = YES;
				GCC_OPTIMIZATION_LEVEL = 0;
				GCC_PREPROCESSOR_DEFINITIONS = (
					"DEBUG=1",
					"$(inherited)",
				);
				GCC_WARN_64_TO_32_BIT_CONVERSION = YES;
				GCC_WARN_ABOUT_RETURN_TYPE = YES_ERROR;
				GCC_WARN_UNDECLARED_SELECTOR = YES;
				GCC_WARN_UNINITIALIZED_AUTOS = YES_AGGRESSIVE;
				GCC_WARN_UNUSED_FUNCTION = YES;
				GCC_WARN_UNUSED_VARIABLE = YES;
				IPHONEOS_DEPLOYMENT_TARGET = 14.0;
				MTL_ENABLE_DEBUG_INFO = INCLUDE_SOURCE;
				MTL_FAST_MATH = YES;
				ONLY_ACTIVE_ARCH = YES;
				SDKROOT = iphoneos;
				SWIFT_ACTIVE_COMPILATION_CONDITIONS = DEBUG;
				SWIFT_OPTIMIZATION_LEVEL = "-Onone";
			};
			name = Debug;
		};
		9C9A3C3A2533A3DC007D688F /* Release */ = {
			isa = XCBuildConfiguration;
			buildSettings = {
				ALWAYS_SEARCH_USER_PATHS = NO;
				CLANG_ANALYZER_NONNULL = YES;
				CLANG_ANALYZER_NUMBER_OBJECT_CONVERSION = YES_AGGRESSIVE;
				CLANG_CXX_LANGUAGE_STANDARD = "gnu++14";
				CLANG_CXX_LIBRARY = "libc++";
				CLANG_ENABLE_MODULES = YES;
				CLANG_ENABLE_OBJC_ARC = YES;
				CLANG_ENABLE_OBJC_WEAK = YES;
				CLANG_WARN_BLOCK_CAPTURE_AUTORELEASING = YES;
				CLANG_WARN_BOOL_CONVERSION = YES;
				CLANG_WARN_COMMA = YES;
				CLANG_WARN_CONSTANT_CONVERSION = YES;
				CLANG_WARN_DEPRECATED_OBJC_IMPLEMENTATIONS = YES;
				CLANG_WARN_DIRECT_OBJC_ISA_USAGE = YES_ERROR;
				CLANG_WARN_DOCUMENTATION_COMMENTS = YES;
				CLANG_WARN_EMPTY_BODY = YES;
				CLANG_WARN_ENUM_CONVERSION = YES;
				CLANG_WARN_INFINITE_RECURSION = YES;
				CLANG_WARN_INT_CONVERSION = YES;
				CLANG_WARN_NON_LITERAL_NULL_CONVERSION = YES;
				CLANG_WARN_OBJC_IMPLICIT_RETAIN_SELF = YES;
				CLANG_WARN_OBJC_LITERAL_CONVERSION = YES;
				CLANG_WARN_OBJC_ROOT_CLASS = YES_ERROR;
				CLANG_WARN_QUOTED_INCLUDE_IN_FRAMEWORK_HEADER = YES;
				CLANG_WARN_RANGE_LOOP_ANALYSIS = YES;
				CLANG_WARN_STRICT_PROTOTYPES = YES;
				CLANG_WARN_SUSPICIOUS_MOVE = YES;
				CLANG_WARN_UNGUARDED_AVAILABILITY = YES_AGGRESSIVE;
				CLANG_WARN_UNREACHABLE_CODE = YES;
				CLANG_WARN__DUPLICATE_METHOD_MATCH = YES;
				COPY_PHASE_STRIP = NO;
				DEBUG_INFORMATION_FORMAT = "dwarf-with-dsym";
				ENABLE_NS_ASSERTIONS = NO;
				ENABLE_STRICT_OBJC_MSGSEND = YES;
				GCC_C_LANGUAGE_STANDARD = gnu11;
				GCC_NO_COMMON_BLOCKS = YES;
				GCC_WARN_64_TO_32_BIT_CONVERSION = YES;
				GCC_WARN_ABOUT_RETURN_TYPE = YES_ERROR;
				GCC_WARN_UNDECLARED_SELECTOR = YES;
				GCC_WARN_UNINITIALIZED_AUTOS = YES_AGGRESSIVE;
				GCC_WARN_UNUSED_FUNCTION = YES;
				GCC_WARN_UNUSED_VARIABLE = YES;
				IPHONEOS_DEPLOYMENT_TARGET = 14.0;
				MTL_ENABLE_DEBUG_INFO = NO;
				MTL_FAST_MATH = YES;
				SDKROOT = iphoneos;
				SWIFT_COMPILATION_MODE = wholemodule;
				SWIFT_OPTIMIZATION_LEVEL = "-O";
				VALIDATE_PRODUCT = YES;
			};
			name = Release;
		};
		9C9A3C3C2533A3DC007D688F /* Debug */ = {
			isa = XCBuildConfiguration;
			buildSettings = {
				ASSETCATALOG_COMPILER_APPICON_NAME = AppIcon;
				ASSETCATALOG_COMPILER_GLOBAL_ACCENT_COLOR_NAME = AccentColor;
				CODE_SIGN_STYLE = Automatic;
				DEVELOPMENT_ASSET_PATHS = "\"OutToday/Preview Content\"";
				DEVELOPMENT_TEAM = W7MJH52X64;
				ENABLE_PREVIEWS = YES;
				INFOPLIST_FILE = OutToday/Info.plist;
				IPHONEOS_DEPLOYMENT_TARGET = 14.0;
				LD_RUNPATH_SEARCH_PATHS = (
					"$(inherited)",
					"@executable_path/Frameworks",
				);
				PRODUCT_BUNDLE_IDENTIFIER = com.nataliabraz.OutToday;
				PRODUCT_NAME = "$(TARGET_NAME)";
				SWIFT_VERSION = 5.0;
				TARGETED_DEVICE_FAMILY = 1;
			};
			name = Debug;
		};
		9C9A3C3D2533A3DC007D688F /* Release */ = {
			isa = XCBuildConfiguration;
			buildSettings = {
				ASSETCATALOG_COMPILER_APPICON_NAME = AppIcon;
				ASSETCATALOG_COMPILER_GLOBAL_ACCENT_COLOR_NAME = AccentColor;
				CODE_SIGN_STYLE = Automatic;
				DEVELOPMENT_ASSET_PATHS = "\"OutToday/Preview Content\"";
				DEVELOPMENT_TEAM = W7MJH52X64;
				ENABLE_PREVIEWS = YES;
				INFOPLIST_FILE = OutToday/Info.plist;
				IPHONEOS_DEPLOYMENT_TARGET = 14.0;
				LD_RUNPATH_SEARCH_PATHS = (
					"$(inherited)",
					"@executable_path/Frameworks",
				);
				PRODUCT_BUNDLE_IDENTIFIER = com.nataliabraz.OutToday;
				PRODUCT_NAME = "$(TARGET_NAME)";
				SWIFT_VERSION = 5.0;
				TARGETED_DEVICE_FAMILY = 1;
			};
			name = Release;
		};
/* End XCBuildConfiguration section */

/* Begin XCConfigurationList section */
		9C9A3C272533A3D9007D688F /* Build configuration list for PBXProject "OutToday" */ = {
			isa = XCConfigurationList;
			buildConfigurations = (
				9C9A3C392533A3DC007D688F /* Debug */,
				9C9A3C3A2533A3DC007D688F /* Release */,
			);
			defaultConfigurationIsVisible = 0;
			defaultConfigurationName = Release;
		};
		9C9A3C3B2533A3DC007D688F /* Build configuration list for PBXNativeTarget "OutToday" */ = {
			isa = XCConfigurationList;
			buildConfigurations = (
				9C9A3C3C2533A3DC007D688F /* Debug */,
				9C9A3C3D2533A3DC007D688F /* Release */,
			);
			defaultConfigurationIsVisible = 0;
			defaultConfigurationName = Release;
		};
/* End XCConfigurationList section */
	};
	rootObject = 9C9A3C242533A3D9007D688F /* Project object */;
}
